
Microsoft Visual Studio Solution File, Format Version 12.00
# Visual Studio Version 16
VisualStudioVersion = 16.0.28917.181
MinimumVisualStudioVersion = 10.0.40219.1
Project("{FAE04EC0-301F-11D3-BF4B-00C04F79EFBC}") = "ToyRobot", "ToyRobot.csproj", "{3EA0581F-0F08-490E-845D-C88F1FD249B5}"
EndProject
Global
	GlobalSection(SolutionConfigurationPlatforms) = preSolution
		Debug|Any CPU = Debug|Any CPU
		Release|Any CPU = Release|Any CPU
	EndGlobalSection
	GlobalSection(ProjectConfigurationPlatforms) = postSolution
		{3EA0581F-0F08-490E-845D-C88F1FD249B5}.Debug|Any CPU.ActiveCfg = Debug|Any CPU
		{3EA0581F-0F08-490E-845D-C88F1FD249B5}.Debug|Any CPU.Build.0 = Debug|Any CPU
		{3EA0581F-0F08-490E-845D-C88F1FD249B5}.Release|Any CPU.ActiveCfg = Release|Any CPU
		{3EA0581F-0F08-490E-845D-C88F1FD249B5}.Release|Any CPU.Build.0 = Release|Any CPU
	EndGlobalSection
	GlobalSection(SolutionProperties) = preSolution
		HideSolutionNode = FALSE
	EndGlobalSection
	GlobalSection(ExtensibilityGlobals) = postSolution
		SolutionGuid = {459E7E80-D8FF-49CC-894C-FAE453E524B0}
	EndGlobalSection
EndGlobal
